
Microsoft Visual Studio Solution File, Format Version 12.00
# Visual Studio Version 16
VisualStudioVersion = 16.0.32407.337
MinimumVisualStudioVersion = 10.0.40219.1
Project("{9A19103F-16F7-4668-BE54-9A1E7A4F7556}") = "FUP", "..\21-3.FileUpload\FUP\FUP.csproj", "{32723ED5-5EE1-4A7D-A98E-6FBFAD50DAEB}"
EndProject
Project("{9A19103F-16F7-4668-BE54-9A1E7A4F7556}") = "FileReceiver", "..\21-3.FileUpload\FileReceiver\FileReceiver.csproj", "{D31289BB-D38B-4660-AFC6-8FC42CA75BE7}"
EndProject
Project("{9A19103F-16F7-4668-BE54-9A1E7A4F7556}") = "FileSender", "..\21-3.FileUpload\FileSender\FileSender.csproj", "{1E739585-CA9F-4FBF-82E6-4CC16DDB6EA7}"
EndProject
Global
	GlobalSection(SolutionConfigurationPlatforms) = preSolution
		Debug|Any CPU = Debug|Any CPU
		Release|Any CPU = Release|Any CPU
	EndGlobalSection
	GlobalSection(ProjectConfigurationPlatforms) = postSolution
		{32723ED5-5EE1-4A7D-A98E-6FBFAD50DAEB}.Debug|Any CPU.ActiveCfg = Debug|Any CPU
		{32723ED5-5EE1-4A7D-A98E-6FBFAD50DAEB}.Debug|Any CPU.Build.0 = Debug|Any CPU
		{32723ED5-5EE1-4A7D-A98E-6FBFAD50DAEB}.Release|Any CPU.ActiveCfg = Release|Any CPU
		{32723ED5-5EE1-4A7D-A98E-6FBFAD50DAEB}.Release|Any CPU.Build.0 = Release|Any CPU
		{D31289BB-D38B-4660-AFC6-8FC42CA75BE7}.Debug|Any CPU.ActiveCfg = Debug|Any CPU
		{D31289BB-D38B-4660-AFC6-8FC42CA75BE7}.Debug|Any CPU.Build.0 = Debug|Any CPU
		{D31289BB-D38B-4660-AFC6-8FC42CA75BE7}.Release|Any CPU.ActiveCfg = Release|Any CPU
		{D31289BB-D38B-4660-AFC6-8FC42CA75BE7}.Release|Any CPU.Build.0 = Release|Any CPU
		{1E739585-CA9F-4FBF-82E6-4CC16DDB6EA7}.Debug|Any CPU.ActiveCfg = Debug|Any CPU
		{1E739585-CA9F-4FBF-82E6-4CC16DDB6EA7}.Debug|Any CPU.Build.0 = Debug|Any CPU
		{1E739585-CA9F-4FBF-82E6-4CC16DDB6EA7}.Release|Any CPU.ActiveCfg = Release|Any CPU
		{1E739585-CA9F-4FBF-82E6-4CC16DDB6EA7}.Release|Any CPU.Build.0 = Release|Any CPU
	EndGlobalSection
	GlobalSection(SolutionProperties) = preSolution
		HideSolutionNode = FALSE
	EndGlobalSection
	GlobalSection(ExtensibilityGlobals) = postSolution
		SolutionGuid = {F29333C5-5C0E-4C09-B44C-E8DFAFE83CB0}
	EndGlobalSection
EndGlobal
