
Microsoft Visual Studio Solution File, Format Version 12.00
# Visual Studio Version 16
VisualStudioVersion = 16.0.32407.337
MinimumVisualStudioVersion = 10.0.40219.1
Project("{9A19103F-16F7-4668-BE54-9A1E7A4F7556}") = "FormBackground", "FormBackground.csproj", "{22D19645-84F0-4B42-BD8C-D691C51AA5C1}"
EndProject
Global
	GlobalSection(SolutionConfigurationPlatforms) = preSolution
		Debug|Any CPU = Debug|Any CPU
		Release|Any CPU = Release|Any CPU
	EndGlobalSection
	GlobalSection(ProjectConfigurationPlatforms) = postSolution
		{22D19645-84F0-4B42-BD8C-D691C51AA5C1}.Debug|Any CPU.ActiveCfg = Debug|Any CPU
		{22D19645-84F0-4B42-BD8C-D691C51AA5C1}.Debug|Any CPU.Build.0 = Debug|Any CPU
		{22D19645-84F0-4B42-BD8C-D691C51AA5C1}.Release|Any CPU.ActiveCfg = Release|Any CPU
		{22D19645-84F0-4B42-BD8C-D691C51AA5C1}.Release|Any CPU.Build.0 = Release|Any CPU
	EndGlobalSection
	GlobalSection(SolutionProperties) = preSolution
		HideSolutionNode = FALSE
	EndGlobalSection
	GlobalSection(ExtensibilityGlobals) = postSolution
		SolutionGuid = {259935AC-7950-4256-818E-48CEEED7E2C1}
	EndGlobalSection
EndGlobal
