
Microsoft Visual Studio Solution File, Format Version 12.00
# Visual Studio 15
VisualStudioVersion = 15.0.27130.2020
MinimumVisualStudioVersion = 10.0.40219.1
Project("{FAE04EC0-301F-11D3-BF4B-00C04F79EFBC}") = "4-1", ".\4-1\4-1\4-1.csproj", "{FD6E6958-5A8E-41F4-9C29-A1A09D1F648E}"
EndProject
Project("{FAE04EC0-301F-11D3-BF4B-00C04F79EFBC}") = "4-2", ".\4-2\4-2\4-2.csproj", "{BC22EF43-0906-417D-9FFD-8BFAB6557D7F}"
EndProject
Project("{FAE04EC0-301F-11D3-BF4B-00C04F79EFBC}") = "4-3", ".\4-3\4-3\4-3.csproj", "{F16DE540-7767-4808-BA81-9F34231F2BC1}"
EndProject
Project("{FAE04EC0-301F-11D3-BF4B-00C04F79EFBC}") = "4-4", ".\4-4\4-4\4-4.csproj", "{52C801C2-07DC-4B20-9C53-ABD6CDE73AE6}"
EndProject
Project("{FAE04EC0-301F-11D3-BF4B-00C04F79EFBC}") = "4-5", ".\4-5\4-5\4-5.csproj", "{54F0EDDF-B742-445E-8F4A-1631534CFD0F}"
EndProject
Project("{FAE04EC0-301F-11D3-BF4B-00C04F79EFBC}") = "4-6", ".\4-6\4-6\4-6.csproj", "{09A21CC6-6C83-44A4-B9CE-F3FCC7B04770}"
EndProject
Project("{FAE04EC0-301F-11D3-BF4B-00C04F79EFBC}") = "4-7", ".\4-7\4-7\4-7.csproj", "{57CE750C-CD73-4E5E-8094-08B11794FAD8}"
EndProject
Project("{FAE04EC0-301F-11D3-BF4B-00C04F79EFBC}") = "4-8", ".\4-8\4-8\4-8.csproj", "{0B5988AF-5611-4653-A504-2C2969F0FBDB}"
EndProject
Project("{FAE04EC0-301F-11D3-BF4B-00C04F79EFBC}") = "4-9", ".\4-9\4-9\4-9.csproj", "{8C7608B9-F0AB-45CA-829C-F7F16F1C4153}"
EndProject
Project("{FAE04EC0-301F-11D3-BF4B-00C04F79EFBC}") = "4-10", ".\4-10\4-10\4-10.csproj", "{19398863-0F27-4C7C-8AD4-11AB48475775}"
EndProject
Project("{FAE04EC0-301F-11D3-BF4B-00C04F79EFBC}") = "4-11", ".\4-11\4-11\4-11.csproj", "{27AD7FB2-D76B-4DDE-A05F-E9EF1BC2E80C}"
EndProject
Project("{FAE04EC0-301F-11D3-BF4B-00C04F79EFBC}") = "4-12", ".\4-12\4-12\4-12.csproj", "{5F4367A6-684A-400B-A59E-472FEA0EAAA1}"
EndProject
Project("{FAE04EC0-301F-11D3-BF4B-00C04F79EFBC}") = "4-13", ".\4-13\4-13\4-13.csproj", "{83FCBD18-C4A2-4E8A-A930-2076513756D6}"
EndProject
Project("{FAE04EC0-301F-11D3-BF4B-00C04F79EFBC}") = "4-14", ".\4-14\4-14\4-14.csproj", "{B530F0BE-B39B-4338-9CC1-0B6EAF0FC9C9}"
EndProject
Project("{FAE04EC0-301F-11D3-BF4B-00C04F79EFBC}") = "4-15", ".\4-15\4-15\4-15.csproj", "{5D70B4D3-30FE-4D51-85B2-ECB7CA7DF991}"
EndProject
Project("{FAE04EC0-301F-11D3-BF4B-00C04F79EFBC}") = "4-16", ".\4-16\4-16\4-16.csproj", "{1AC04CCE-FD30-45C5-8A6A-5A92C8A51539}"
EndProject
Project("{FAE04EC0-301F-11D3-BF4B-00C04F79EFBC}") = "4-17", ".\4-17\4-17\4-17.csproj", "{ED3BB929-C9A0-436B-8D28-7042047B7291}"
EndProject
Project("{FAE04EC0-301F-11D3-BF4B-00C04F79EFBC}") = "4-18", ".\4-18\4-18\4-18.csproj", "{95B00814-EEAD-46FF-9FE6-9B5B62893913}"
EndProject
Global
	GlobalSection(SolutionConfigurationPlatforms) = preSolution
		Debug|Any CPU = Debug|Any CPU
		Release|Any CPU = Release|Any CPU
	EndGlobalSection
	GlobalSection(ProjectConfigurationPlatforms) = postSolution
		{FD6E6958-5A8E-41F4-9C29-A1A09D1F648E}.Debug|Any CPU.ActiveCfg = Debug|Any CPU
		{FD6E6958-5A8E-41F4-9C29-A1A09D1F648E}.Debug|Any CPU.Build.0 = Debug|Any CPU
		{FD6E6958-5A8E-41F4-9C29-A1A09D1F648E}.Release|Any CPU.ActiveCfg = Release|Any CPU
		{FD6E6958-5A8E-41F4-9C29-A1A09D1F648E}.Release|Any CPU.Build.0 = Release|Any CPU
		{BC22EF43-0906-417D-9FFD-8BFAB6557D7F}.Debug|Any CPU.ActiveCfg = Debug|Any CPU
		{BC22EF43-0906-417D-9FFD-8BFAB6557D7F}.Debug|Any CPU.Build.0 = Debug|Any CPU
		{BC22EF43-0906-417D-9FFD-8BFAB6557D7F}.Release|Any CPU.ActiveCfg = Release|Any CPU
		{BC22EF43-0906-417D-9FFD-8BFAB6557D7F}.Release|Any CPU.Build.0 = Release|Any CPU
		{F16DE540-7767-4808-BA81-9F34231F2BC1}.Debug|Any CPU.ActiveCfg = Debug|Any CPU
		{F16DE540-7767-4808-BA81-9F34231F2BC1}.Debug|Any CPU.Build.0 = Debug|Any CPU
		{F16DE540-7767-4808-BA81-9F34231F2BC1}.Release|Any CPU.ActiveCfg = Release|Any CPU
		{F16DE540-7767-4808-BA81-9F34231F2BC1}.Release|Any CPU.Build.0 = Release|Any CPU
		{52C801C2-07DC-4B20-9C53-ABD6CDE73AE6}.Debug|Any CPU.ActiveCfg = Debug|Any CPU
		{52C801C2-07DC-4B20-9C53-ABD6CDE73AE6}.Debug|Any CPU.Build.0 = Debug|Any CPU
		{52C801C2-07DC-4B20-9C53-ABD6CDE73AE6}.Release|Any CPU.ActiveCfg = Release|Any CPU
		{52C801C2-07DC-4B20-9C53-ABD6CDE73AE6}.Release|Any CPU.Build.0 = Release|Any CPU
		{54F0EDDF-B742-445E-8F4A-1631534CFD0F}.Debug|Any CPU.ActiveCfg = Debug|Any CPU
		{54F0EDDF-B742-445E-8F4A-1631534CFD0F}.Debug|Any CPU.Build.0 = Debug|Any CPU
		{54F0EDDF-B742-445E-8F4A-1631534CFD0F}.Release|Any CPU.ActiveCfg = Release|Any CPU
		{54F0EDDF-B742-445E-8F4A-1631534CFD0F}.Release|Any CPU.Build.0 = Release|Any CPU
		{09A21CC6-6C83-44A4-B9CE-F3FCC7B04770}.Debug|Any CPU.ActiveCfg = Debug|Any CPU
		{09A21CC6-6C83-44A4-B9CE-F3FCC7B04770}.Debug|Any CPU.Build.0 = Debug|Any CPU
		{09A21CC6-6C83-44A4-B9CE-F3FCC7B04770}.Release|Any CPU.ActiveCfg = Release|Any CPU
		{09A21CC6-6C83-44A4-B9CE-F3FCC7B04770}.Release|Any CPU.Build.0 = Release|Any CPU
		{57CE750C-CD73-4E5E-8094-08B11794FAD8}.Debug|Any CPU.ActiveCfg = Debug|Any CPU
		{57CE750C-CD73-4E5E-8094-08B11794FAD8}.Debug|Any CPU.Build.0 = Debug|Any CPU
		{57CE750C-CD73-4E5E-8094-08B11794FAD8}.Release|Any CPU.ActiveCfg = Release|Any CPU
		{57CE750C-CD73-4E5E-8094-08B11794FAD8}.Release|Any CPU.Build.0 = Release|Any CPU
		{0B5988AF-5611-4653-A504-2C2969F0FBDB}.Debug|Any CPU.ActiveCfg = Debug|Any CPU
		{0B5988AF-5611-4653-A504-2C2969F0FBDB}.Debug|Any CPU.Build.0 = Debug|Any CPU
		{0B5988AF-5611-4653-A504-2C2969F0FBDB}.Release|Any CPU.ActiveCfg = Release|Any CPU
		{0B5988AF-5611-4653-A504-2C2969F0FBDB}.Release|Any CPU.Build.0 = Release|Any CPU
		{8C7608B9-F0AB-45CA-829C-F7F16F1C4153}.Debug|Any CPU.ActiveCfg = Debug|Any CPU
		{8C7608B9-F0AB-45CA-829C-F7F16F1C4153}.Debug|Any CPU.Build.0 = Debug|Any CPU
		{8C7608B9-F0AB-45CA-829C-F7F16F1C4153}.Release|Any CPU.ActiveCfg = Release|Any CPU
		{8C7608B9-F0AB-45CA-829C-F7F16F1C4153}.Release|Any CPU.Build.0 = Release|Any CPU
		{19398863-0F27-4C7C-8AD4-11AB48475775}.Debug|Any CPU.ActiveCfg = Debug|Any CPU
		{19398863-0F27-4C7C-8AD4-11AB48475775}.Debug|Any CPU.Build.0 = Debug|Any CPU
		{19398863-0F27-4C7C-8AD4-11AB48475775}.Release|Any CPU.ActiveCfg = Release|Any CPU
		{19398863-0F27-4C7C-8AD4-11AB48475775}.Release|Any CPU.Build.0 = Release|Any CPU
		{27AD7FB2-D76B-4DDE-A05F-E9EF1BC2E80C}.Debug|Any CPU.ActiveCfg = Debug|Any CPU
		{27AD7FB2-D76B-4DDE-A05F-E9EF1BC2E80C}.Debug|Any CPU.Build.0 = Debug|Any CPU
		{27AD7FB2-D76B-4DDE-A05F-E9EF1BC2E80C}.Release|Any CPU.ActiveCfg = Release|Any CPU
		{27AD7FB2-D76B-4DDE-A05F-E9EF1BC2E80C}.Release|Any CPU.Build.0 = Release|Any CPU
		{5F4367A6-684A-400B-A59E-472FEA0EAAA1}.Debug|Any CPU.ActiveCfg = Debug|Any CPU
		{5F4367A6-684A-400B-A59E-472FEA0EAAA1}.Debug|Any CPU.Build.0 = Debug|Any CPU
		{5F4367A6-684A-400B-A59E-472FEA0EAAA1}.Release|Any CPU.ActiveCfg = Release|Any CPU
		{5F4367A6-684A-400B-A59E-472FEA0EAAA1}.Release|Any CPU.Build.0 = Release|Any CPU
		{83FCBD18-C4A2-4E8A-A930-2076513756D6}.Debug|Any CPU.ActiveCfg = Debug|Any CPU
		{83FCBD18-C4A2-4E8A-A930-2076513756D6}.Debug|Any CPU.Build.0 = Debug|Any CPU
		{83FCBD18-C4A2-4E8A-A930-2076513756D6}.Release|Any CPU.ActiveCfg = Release|Any CPU
		{83FCBD18-C4A2-4E8A-A930-2076513756D6}.Release|Any CPU.Build.0 = Release|Any CPU
		{B530F0BE-B39B-4338-9CC1-0B6EAF0FC9C9}.Debug|Any CPU.ActiveCfg = Debug|Any CPU
		{B530F0BE-B39B-4338-9CC1-0B6EAF0FC9C9}.Debug|Any CPU.Build.0 = Debug|Any CPU
		{B530F0BE-B39B-4338-9CC1-0B6EAF0FC9C9}.Release|Any CPU.ActiveCfg = Release|Any CPU
		{B530F0BE-B39B-4338-9CC1-0B6EAF0FC9C9}.Release|Any CPU.Build.0 = Release|Any CPU
		{5D70B4D3-30FE-4D51-85B2-ECB7CA7DF991}.Debug|Any CPU.ActiveCfg = Debug|Any CPU
		{5D70B4D3-30FE-4D51-85B2-ECB7CA7DF991}.Debug|Any CPU.Build.0 = Debug|Any CPU
		{5D70B4D3-30FE-4D51-85B2-ECB7CA7DF991}.Release|Any CPU.ActiveCfg = Release|Any CPU
		{5D70B4D3-30FE-4D51-85B2-ECB7CA7DF991}.Release|Any CPU.Build.0 = Release|Any CPU
		{1AC04CCE-FD30-45C5-8A6A-5A92C8A51539}.Debug|Any CPU.ActiveCfg = Debug|Any CPU
		{1AC04CCE-FD30-45C5-8A6A-5A92C8A51539}.Debug|Any CPU.Build.0 = Debug|Any CPU
		{1AC04CCE-FD30-45C5-8A6A-5A92C8A51539}.Release|Any CPU.ActiveCfg = Release|Any CPU
		{1AC04CCE-FD30-45C5-8A6A-5A92C8A51539}.Release|Any CPU.Build.0 = Release|Any CPU
		{ED3BB929-C9A0-436B-8D28-7042047B7291}.Debug|Any CPU.ActiveCfg = Debug|Any CPU
		{ED3BB929-C9A0-436B-8D28-7042047B7291}.Debug|Any CPU.Build.0 = Debug|Any CPU
		{ED3BB929-C9A0-436B-8D28-7042047B7291}.Release|Any CPU.ActiveCfg = Release|Any CPU
		{ED3BB929-C9A0-436B-8D28-7042047B7291}.Release|Any CPU.Build.0 = Release|Any CPU
		{95B00814-EEAD-46FF-9FE6-9B5B62893913}.Debug|Any CPU.ActiveCfg = Debug|Any CPU
		{95B00814-EEAD-46FF-9FE6-9B5B62893913}.Debug|Any CPU.Build.0 = Debug|Any CPU
		{95B00814-EEAD-46FF-9FE6-9B5B62893913}.Release|Any CPU.ActiveCfg = Release|Any CPU
		{95B00814-EEAD-46FF-9FE6-9B5B62893913}.Release|Any CPU.Build.0 = Release|Any CPU
	EndGlobalSection
	GlobalSection(SolutionProperties) = preSolution
		HideSolutionNode = FALSE
	EndGlobalSection
	GlobalSection(ExtensibilityGlobals) = postSolution
		SolutionGuid = {C5892435-1552-410D-B35F-186607B95B93}
	EndGlobalSection
EndGlobal
