
Microsoft Visual Studio Solution File, Format Version 12.00
# Visual Studio Version 16
VisualStudioVersion = 16.0.32407.337
MinimumVisualStudioVersion = 10.0.40219.1
Project("{9A19103F-16F7-4668-BE54-9A1E7A4F7556}") = "TEST04", "TEST04.csproj", "{FA6FA814-32B1-429B-B6C1-D0D828942F0E}"
EndProject
Project("{9A19103F-16F7-4668-BE54-9A1E7A4F7556}") = "TEST", "..\TEST\TEST.csproj", "{95549903-C62E-4A0E-B9E2-2AC0912BBA84}"
EndProject
Project("{FAE04EC0-301F-11D3-BF4B-00C04F79EFBC}") = "TEST05", "..\TEST05\TEST05.csproj", "{F4237C63-EDD7-4FE7-B134-519A088D4517}"
EndProject
Global
	GlobalSection(SolutionConfigurationPlatforms) = preSolution
		Debug|Any CPU = Debug|Any CPU
		Release|Any CPU = Release|Any CPU
	EndGlobalSection
	GlobalSection(ProjectConfigurationPlatforms) = postSolution
		{FA6FA814-32B1-429B-B6C1-D0D828942F0E}.Debug|Any CPU.ActiveCfg = Debug|Any CPU
		{FA6FA814-32B1-429B-B6C1-D0D828942F0E}.Debug|Any CPU.Build.0 = Debug|Any CPU
		{FA6FA814-32B1-429B-B6C1-D0D828942F0E}.Release|Any CPU.ActiveCfg = Release|Any CPU
		{FA6FA814-32B1-429B-B6C1-D0D828942F0E}.Release|Any CPU.Build.0 = Release|Any CPU
		{95549903-C62E-4A0E-B9E2-2AC0912BBA84}.Debug|Any CPU.ActiveCfg = Debug|Any CPU
		{95549903-C62E-4A0E-B9E2-2AC0912BBA84}.Debug|Any CPU.Build.0 = Debug|Any CPU
		{95549903-C62E-4A0E-B9E2-2AC0912BBA84}.Release|Any CPU.ActiveCfg = Release|Any CPU
		{95549903-C62E-4A0E-B9E2-2AC0912BBA84}.Release|Any CPU.Build.0 = Release|Any CPU
		{F4237C63-EDD7-4FE7-B134-519A088D4517}.Debug|Any CPU.ActiveCfg = Debug|Any CPU
		{F4237C63-EDD7-4FE7-B134-519A088D4517}.Debug|Any CPU.Build.0 = Debug|Any CPU
		{F4237C63-EDD7-4FE7-B134-519A088D4517}.Release|Any CPU.ActiveCfg = Release|Any CPU
		{F4237C63-EDD7-4FE7-B134-519A088D4517}.Release|Any CPU.Build.0 = Release|Any CPU
	EndGlobalSection
	GlobalSection(SolutionProperties) = preSolution
		HideSolutionNode = FALSE
	EndGlobalSection
	GlobalSection(ExtensibilityGlobals) = postSolution
		SolutionGuid = {176D4FC3-567F-4188-962F-100AEBB00DBC}
	EndGlobalSection
EndGlobal
